// !$*UTF8*$!
{
	archiveVersion = 1;
	classes = {
	};
	objectVersion = 56;
	objects = {

/* Begin PBXBuildFile section */
		BC2281032A796D5900359319 /* RestartApp.swift in Sources */ = {isa = PBXBuildFile; fileRef = BC2281022A796D5900359319 /* RestartApp.swift */; };
		BC2281052A796D5900359319 /* ContentView.swift in Sources */ = {isa = PBXBuildFile; fileRef = BC2281042A796D5900359319 /* ContentView.swift */; };
		BC2281072A796D5A00359319 /* Assets.xcassets in Resources */ = {isa = PBXBuildFile; fileRef = BC2281062A796D5A00359319 /* Assets.xcassets */; };
		BC22810A2A796D5A00359319 /* Preview Assets.xcassets in Resources */ = {isa = PBXBuildFile; fileRef = BC2281092A796D5A00359319 /* Preview Assets.xcassets */; };
		BC2281142A796D5B00359319 /* RestartTests.swift in Sources */ = {isa = PBXBuildFile; fileRef = BC2281132A796D5B00359319 /* RestartTests.swift */; };
		BC22811E2A796D5B00359319 /* RestartUITests.swift in Sources */ = {isa = PBXBuildFile; fileRef = BC22811D2A796D5B00359319 /* RestartUITests.swift */; };
		BC2281202A796D5B00359319 /* RestartUITestsLaunchTests.swift in Sources */ = {isa = PBXBuildFile; fileRef = BC22811F2A796D5B00359319 /* RestartUITestsLaunchTests.swift */; };
		BC2281322A796F4E00359319 /* success.m4a in Resources */ = {isa = PBXBuildFile; fileRef = BC2281302A796F4E00359319 /* success.m4a */; };
		BC2281332A796F4E00359319 /* chimeup.mp3 in Resources */ = {isa = PBXBuildFile; fileRef = BC2281312A796F4E00359319 /* chimeup.mp3 */; };
		BCB5291C2A7A55F700C33636 /* AudioPlayer.swift in Sources */ = {isa = PBXBuildFile; fileRef = BCB5291B2A7A55F700C33636 /* AudioPlayer.swift */; };
		BCF0053C2A7A24E3009E8781 /* OnBoardingView.swift in Sources */ = {isa = PBXBuildFile; fileRef = BCF0053B2A7A24E3009E8781 /* OnBoardingView.swift */; };
		BCF0053E2A7A24F0009E8781 /* HomeView.swift in Sources */ = {isa = PBXBuildFile; fileRef = BCF0053D2A7A24F0009E8781 /* HomeView.swift */; };
/* End PBXBuildFile section */

/* Begin PBXContainerItemProxy section */
		BC2281102A796D5B00359319 /* PBXContainerItemProxy */ = {
			isa = PBXContainerItemProxy;
			containerPortal = BC2280F72A796D5900359319 /* Project object */;
			proxyType = 1;
			remoteGlobalIDString = BC2280FE2A796D5900359319;
			remoteInfo = Restart;
		};
		BC22811A2A796D5B00359319 /* PBXContainerItemProxy */ = {
			isa = PBXContainerItemProxy;
			containerPortal = BC2280F72A796D5900359319 /* Project object */;
			proxyType = 1;
			remoteGlobalIDString = BC2280FE2A796D5900359319;
			remoteInfo = Restart;
		};
/* End PBXContainerItemProxy section */

/* Begin PBXFileReference section */
		BC2280FF2A796D5900359319 /* Restart.app */ = {isa = PBXFileReference; explicitFileType = wrapper.application; includeInIndex = 0; path = Restart.app; sourceTree = BUILT_PRODUCTS_DIR; };
		BC2281022A796D5900359319 /* RestartApp.swift */ = {isa = PBXFileReference; lastKnownFileType = sourcecode.swift; path = RestartApp.swift; sourceTree = "<group>"; };
		BC2281042A796D5900359319 /* ContentView.swift */ = {isa = PBXFileReference; lastKnownFileType = sourcecode.swift; path = ContentView.swift; sourceTree = "<group>"; };
		BC2281062A796D5A00359319 /* Assets.xcassets */ = {isa = PBXFileReference; lastKnownFileType = folder.assetcatalog; path = Assets.xcassets; sourceTree = "<group>"; };
		BC2281092A796D5A00359319 /* Preview Assets.xcassets */ = {isa = PBXFileReference; lastKnownFileType = folder.assetcatalog; path = "Preview Assets.xcassets"; sourceTree = "<group>"; };
		BC22810F2A796D5B00359319 /* RestartTests.xctest */ = {isa = PBXFileReference; explicitFileType = wrapper.cfbundle; includeInIndex = 0; path = RestartTests.xctest; sourceTree = BUILT_PRODUCTS_DIR; };
		BC2281132A796D5B00359319 /* RestartTests.swift */ = {isa = PBXFileReference; lastKnownFileType = sourcecode.swift; path = RestartTests.swift; sourceTree = "<group>"; };
		BC2281192A796D5B00359319 /* RestartUITests.xctest */ = {isa = PBXFileReference; explicitFileType = wrapper.cfbundle; includeInIndex = 0; path = RestartUITests.xctest; sourceTree = BUILT_PRODUCTS_DIR; };
		BC22811D2A796D5B00359319 /* RestartUITests.swift */ = {isa = PBXFileReference; lastKnownFileType = sourcecode.swift; path = RestartUITests.swift; sourceTree = "<group>"; };
		BC22811F2A796D5B00359319 /* RestartUITestsLaunchTests.swift */ = {isa = PBXFileReference; lastKnownFileType = sourcecode.swift; path = RestartUITestsLaunchTests.swift; sourceTree = "<group>"; };
		BC2281302A796F4E00359319 /* success.m4a */ = {isa = PBXFileReference; lastKnownFileType = file; path = success.m4a; sourceTree = "<group>"; };
		BC2281312A796F4E00359319 /* chimeup.mp3 */ = {isa = PBXFileReference; lastKnownFileType = audio.mp3; path = chimeup.mp3; sourceTree = "<group>"; };
		BCB5291B2A7A55F700C33636 /* AudioPlayer.swift */ = {isa = PBXFileReference; lastKnownFileType = sourcecode.swift; path = AudioPlayer.swift; sourceTree = "<group>"; };
		BCF0053A2A7A23A4009E8781 /* Info.plist */ = {isa = PBXFileReference; lastKnownFileType = text.plist; path = Info.plist; sourceTree = "<group>"; };
		BCF0053B2A7A24E3009E8781 /* OnBoardingView.swift */ = {isa = PBXFileReference; lastKnownFileType = sourcecode.swift; path = OnBoardingView.swift; sourceTree = "<group>"; };
		BCF0053D2A7A24F0009E8781 /* HomeView.swift */ = {isa = PBXFileReference; lastKnownFileType = sourcecode.swift; path = HomeView.swift; sourceTree = "<group>"; };
/* End PBXFileReference section */

/* Begin PBXFrameworksBuildPhase section */
		BC2280FC2A796D5900359319 /* Frameworks */ = {
			isa = PBXFrameworksBuildPhase;
			buildActionMask = 2147483647;
			files = (
			);
			runOnlyForDeploymentPostprocessing = 0;
		};
		BC22810C2A796D5B00359319 /* Frameworks */ = {
			isa = PBXFrameworksBuildPhase;
			buildActionMask = 2147483647;
			files = (
			);
			runOnlyForDeploymentPostprocessing = 0;
		};
		BC2281162A796D5B00359319 /* Frameworks */ = {
			isa = PBXFrameworksBuildPhase;
			buildActionMask = 2147483647;
			files = (
			);
			runOnlyForDeploymentPostprocessing = 0;
		};
/* End PBXFrameworksBuildPhase section */

/* Begin PBXGroup section */
		BC2280F62A796D5900359319 = {
			isa = PBXGroup;
			children = (
				BC2281012A796D5900359319 /* Restart */,
				BC2281122A796D5B00359319 /* RestartTests */,
				BC22811C2A796D5B00359319 /* RestartUITests */,
				BC2281002A796D5900359319 /* Products */,
			);
			sourceTree = "<group>";
		};
		BC2281002A796D5900359319 /* Products */ = {
			isa = PBXGroup;
			children = (
				BC2280FF2A796D5900359319 /* Restart.app */,
				BC22810F2A796D5B00359319 /* RestartTests.xctest */,
				BC2281192A796D5B00359319 /* RestartUITests.xctest */,
			);
			name = Products;
			sourceTree = "<group>";
		};
		BC2281012A796D5900359319 /* Restart */ = {
			isa = PBXGroup;
			children = (
				BCF0053A2A7A23A4009E8781 /* Info.plist */,
				BCF005382A7A1FD2009E8781 /* Utilities */,
				BCF005362A7A1E9C009E8781 /* Views */,
				BC2281342A796F6B00359319 /* Sounds */,
				BC2281062A796D5A00359319 /* Assets.xcassets */,
				BC2281082A796D5A00359319 /* Preview Content */,
			);
			path = Restart;
			sourceTree = "<group>";
		};
		BC2281082A796D5A00359319 /* Preview Content */ = {
			isa = PBXGroup;
			children = (
				BC2281092A796D5A00359319 /* Preview Assets.xcassets */,
			);
			path = "Preview Content";
			sourceTree = "<group>";
		};
		BC2281122A796D5B00359319 /* RestartTests */ = {
			isa = PBXGroup;
			children = (
				BC2281132A796D5B00359319 /* RestartTests.swift */,
			);
			path = RestartTests;
			sourceTree = "<group>";
		};
		BC22811C2A796D5B00359319 /* RestartUITests */ = {
			isa = PBXGroup;
			children = (
				BC22811D2A796D5B00359319 /* RestartUITests.swift */,
				BC22811F2A796D5B00359319 /* RestartUITestsLaunchTests.swift */,
			);
			path = RestartUITests;
			sourceTree = "<group>";
		};
		BC2281342A796F6B00359319 /* Sounds */ = {
			isa = PBXGroup;
			children = (
				BC2281302A796F4E00359319 /* success.m4a */,
				BC2281312A796F4E00359319 /* chimeup.mp3 */,
				BC2281022A796D5900359319 /* RestartApp.swift */,
				BCF005392A7A22AD009E8781 /* Screens */,
			);
			path = Sounds;
			sourceTree = "<group>";
		};
		BCF005362A7A1E9C009E8781 /* Views */ = {
			isa = PBXGroup;
			children = (
			);
			path = Views;
			sourceTree = "<group>";
		};
		BCF005382A7A1FD2009E8781 /* Utilities */ = {
			isa = PBXGroup;
			children = (
				BCB5291B2A7A55F700C33636 /* AudioPlayer.swift */,
			);
			path = Utilities;
			sourceTree = "<group>";
		};
		BCF005392A7A22AD009E8781 /* Screens */ = {
			isa = PBXGroup;
			children = (
				BC2281042A796D5900359319 /* ContentView.swift */,
				BCF0053B2A7A24E3009E8781 /* OnBoardingView.swift */,
				BCF0053D2A7A24F0009E8781 /* HomeView.swift */,
			);
			path = Screens;
			sourceTree = "<group>";
		};
/* End PBXGroup section */

/* Begin PBXNativeTarget section */
		BC2280FE2A796D5900359319 /* Restart */ = {
			isa = PBXNativeTarget;
			buildConfigurationList = BC2281232A796D5B00359319 /* Build configuration list for PBXNativeTarget "Restart" */;
			buildPhases = (
				BC2280FB2A796D5900359319 /* Sources */,
				BC2280FC2A796D5900359319 /* Frameworks */,
				BC2280FD2A796D5900359319 /* Resources */,
			);
			buildRules = (
			);
			dependencies = (
			);
			name = Restart;
			productName = Restart;
			productReference = BC2280FF2A796D5900359319 /* Restart.app */;
			productType = "com.apple.product-type.application";
		};
		BC22810E2A796D5B00359319 /* RestartTests */ = {
			isa = PBXNativeTarget;
			buildConfigurationList = BC2281262A796D5B00359319 /* Build configuration list for PBXNativeTarget "RestartTests" */;
			buildPhases = (
				BC22810B2A796D5B00359319 /* Sources */,
				BC22810C2A796D5B00359319 /* Frameworks */,
				BC22810D2A796D5B00359319 /* Resources */,
			);
			buildRules = (
			);
			dependencies = (
				BC2281112A796D5B00359319 /* PBXTargetDependency */,
			);
			name = RestartTests;
			productName = RestartTests;
			productReference = BC22810F2A796D5B00359319 /* RestartTests.xctest */;
			productType = "com.apple.product-type.bundle.unit-test";
		};
		BC2281182A796D5B00359319 /* RestartUITests */ = {
			isa = PBXNativeTarget;
			buildConfigurationList = BC2281292A796D5B00359319 /* Build configuration list for PBXNativeTarget "RestartUITests" */;
			buildPhases = (
				BC2281152A796D5B00359319 /* Sources */,
				BC2281162A796D5B00359319 /* Frameworks */,
				BC2281172A796D5B00359319 /* Resources */,
			);
			buildRules = (
			);
			dependencies = (
				BC22811B2A796D5B00359319 /* PBXTargetDependency */,
			);
			name = RestartUITests;
			productName = RestartUITests;
			productReference = BC2281192A796D5B00359319 /* RestartUITests.xctest */;
			productType = "com.apple.product-type.bundle.ui-testing";
		};
/* End PBXNativeTarget section */

/* Begin PBXProject section */
		BC2280F72A796D5900359319 /* Project object */ = {
			isa = PBXProject;
			attributes = {
				BuildIndependentTargetsInParallel = 1;
				LastSwiftUpdateCheck = 1430;
				LastUpgradeCheck = 1430;
				TargetAttributes = {
					BC2280FE2A796D5900359319 = {
						CreatedOnToolsVersion = 14.3.1;
					};
					BC22810E2A796D5B00359319 = {
						CreatedOnToolsVersion = 14.3.1;
						TestTargetID = BC2280FE2A796D5900359319;
					};
					BC2281182A796D5B00359319 = {
						CreatedOnToolsVersion = 14.3.1;
						TestTargetID = BC2280FE2A796D5900359319;
					};
				};
			};
			buildConfigurationList = BC2280FA2A796D5900359319 /* Build configuration list for PBXProject "Restart" */;
			compatibilityVersion = "Xcode 14.0";
			developmentRegion = en;
			hasScannedForEncodings = 0;
			knownRegions = (
				en,
				Base,
			);
			mainGroup = BC2280F62A796D5900359319;
			productRefGroup = BC2281002A796D5900359319 /* Products */;
			projectDirPath = "";
			projectRoot = "";
			targets = (
				BC2280FE2A796D5900359319 /* Restart */,
				BC22810E2A796D5B00359319 /* RestartTests */,
				BC2281182A796D5B00359319 /* RestartUITests */,
			);
		};
/* End PBXProject section */

/* Begin PBXResourcesBuildPhase section */
		BC2280FD2A796D5900359319 /* Resources */ = {
			isa = PBXResourcesBuildPhase;
			buildActionMask = 2147483647;
			files = (
				BC2281332A796F4E00359319 /* chimeup.mp3 in Resources */,
				BC22810A2A796D5A00359319 /* Preview Assets.xcassets in Resources */,
				BC2281322A796F4E00359319 /* success.m4a in Resources */,
				BC2281072A796D5A00359319 /* Assets.xcassets in Resources */,
			);
			runOnlyForDeploymentPostprocessing = 0;
		};
		BC22810D2A796D5B00359319 /* Resources */ = {
			isa = PBXResourcesBuildPhase;
			buildActionMask = 2147483647;
			files = (
			);
			runOnlyForDeploymentPostprocessing = 0;
		};
		BC2281172A796D5B00359319 /* Resources */ = {
			isa = PBXResourcesBuildPhase;
			buildActionMask = 2147483647;
			files = (
			);
			runOnlyForDeploymentPostprocessing = 0;
		};
/* End PBXResourcesBuildPhase section */

/* Begin PBXSourcesBuildPhase section */
		BC2280FB2A796D5900359319 /* Sources */ = {
			isa = PBXSourcesBuildPhase;
			buildActionMask = 2147483647;
			files = (
				BCF0053C2A7A24E3009E8781 /* OnBoardingView.swift in Sources */,
				BCF0053E2A7A24F0009E8781 /* HomeView.swift in Sources */,
				BCB5291C2A7A55F700C33636 /* AudioPlayer.swift in Sources */,
				BC2281052A796D5900359319 /* ContentView.swift in Sources */,
				BC2281032A796D5900359319 /* RestartApp.swift in Sources */,
			);
			runOnlyForDeploymentPostprocessing = 0;
		};
		BC22810B2A796D5B00359319 /* Sources */ = {
			isa = PBXSourcesBuildPhase;
			buildActionMask = 2147483647;
			files = (
				BC2281142A796D5B00359319 /* RestartTests.swift in Sources */,
			);
			runOnlyForDeploymentPostprocessing = 0;
		};
		BC2281152A796D5B00359319 /* Sources */ = {
			isa = PBXSourcesBuildPhase;
			buildActionMask = 2147483647;
			files = (
				BC2281202A796D5B00359319 /* RestartUITestsLaunchTests.swift in Sources */,
				BC22811E2A796D5B00359319 /* RestartUITests.swift in Sources */,
			);
			runOnlyForDeploymentPostprocessing = 0;
		};
/* End PBXSourcesBuildPhase section */

/* Begin PBXTargetDependency section */
		BC2281112A796D5B00359319 /* PBXTargetDependency */ = {
			isa = PBXTargetDependency;
			target = BC2280FE2A796D5900359319 /* Restart */;
			targetProxy = BC2281102A796D5B00359319 /* PBXContainerItemProxy */;
		};
		BC22811B2A796D5B00359319 /* PBXTargetDependency */ = {
			isa = PBXTargetDependency;
			target = BC2280FE2A796D5900359319 /* Restart */;
			targetProxy = BC22811A2A796D5B00359319 /* PBXContainerItemProxy */;
		};
/* End PBXTargetDependency section */

/* Begin XCBuildConfiguration section */
		BC2281212A796D5B00359319 /* Debug */ = {
			isa = XCBuildConfiguration;
			buildSettings = {
				ALWAYS_SEARCH_USER_PATHS = NO;
				CLANG_ANALYZER_NONNULL = YES;
				CLANG_ANALYZER_NUMBER_OBJECT_CONVERSION = YES_AGGRESSIVE;
				CLANG_CXX_LANGUAGE_STANDARD = "gnu++20";
				CLANG_ENABLE_MODULES = YES;
				CLANG_ENABLE_OBJC_ARC = YES;
				CLANG_ENABLE_OBJC_WEAK = YES;
				CLANG_WARN_BLOCK_CAPTURE_AUTORELEASING = YES;
				CLANG_WARN_BOOL_CONVERSION = YES;
				CLANG_WARN_COMMA = YES;
				CLANG_WARN_CONSTANT_CONVERSION = YES;
				CLANG_WARN_DEPRECATED_OBJC_IMPLEMENTATIONS = YES;
				CLANG_WARN_DIRECT_OBJC_ISA_USAGE = YES_ERROR;
				CLANG_WARN_DOCUMENTATION_COMMENTS = YES;
				CLANG_WARN_EMPTY_BODY = YES;
				CLANG_WARN_ENUM_CONVERSION = YES;
				CLANG_WARN_INFINITE_RECURSION = YES;
				CLANG_WARN_INT_CONVERSION = YES;
				CLANG_WARN_NON_LITERAL_NULL_CONVERSION = YES;
				CLANG_WARN_OBJC_IMPLICIT_RETAIN_SELF = YES;
				CLANG_WARN_OBJC_LITERAL_CONVERSION = YES;
				CLANG_WARN_OBJC_ROOT_CLASS = YES_ERROR;
				CLANG_WARN_QUOTED_INCLUDE_IN_FRAMEWORK_HEADER = YES;
				CLANG_WARN_RANGE_LOOP_ANALYSIS = YES;
				CLANG_WARN_STRICT_PROTOTYPES = YES;
				CLANG_WARN_SUSPICIOUS_MOVE = YES;
				CLANG_WARN_UNGUARDED_AVAILABILITY = YES_AGGRESSIVE;
				CLANG_WARN_UNREACHABLE_CODE = YES;
				CLANG_WARN__DUPLICATE_METHOD_MATCH = YES;
				COPY_PHASE_STRIP = NO;
				DEBUG_INFORMATION_FORMAT = dwarf;
				ENABLE_STRICT_OBJC_MSGSEND = YES;
				ENABLE_TESTABILITY = YES;
				GCC_C_LANGUAGE_STANDARD = gnu11;
				GCC_DYNAMIC_NO_PIC = NO;
				GCC_NO_COMMON_BLOCKS = YES;
				GCC_OPTIMIZATION_LEVEL = 0;
				GCC_PREPROCESSOR_DEFINITIONS = (
					"DEBUG=1",
					"$(inherited)",
				);
				GCC_WARN_64_TO_32_BIT_CONVERSION = YES;
				GCC_WARN_ABOUT_RETURN_TYPE = YES_ERROR;
				GCC_WARN_UNDECLARED_SELECTOR = YES;
				GCC_WARN_UNINITIALIZED_AUTOS = YES_AGGRESSIVE;
				GCC_WARN_UNUSED_FUNCTION = YES;
				GCC_WARN_UNUSED_VARIABLE = YES;
				IPHONEOS_DEPLOYMENT_TARGET = 16.4;
				MTL_ENABLE_DEBUG_INFO = INCLUDE_SOURCE;
				MTL_FAST_MATH = YES;
				ONLY_ACTIVE_ARCH = YES;
				SDKROOT = iphoneos;
				SWIFT_ACTIVE_COMPILATION_CONDITIONS = DEBUG;
				SWIFT_OPTIMIZATION_LEVEL = "-Onone";
			};
			name = Debug;
		};
		BC2281222A796D5B00359319 /* Release */ = {
			isa = XCBuildConfiguration;
			buildSettings = {
				ALWAYS_SEARCH_USER_PATHS = NO;
				CLANG_ANALYZER_NONNULL = YES;
				CLANG_ANALYZER_NUMBER_OBJECT_CONVERSION = YES_AGGRESSIVE;
				CLANG_CXX_LANGUAGE_STANDARD = "gnu++20";
				CLANG_ENABLE_MODULES = YES;
				CLANG_ENABLE_OBJC_ARC = YES;
				CLANG_ENABLE_OBJC_WEAK = YES;
				CLANG_WARN_BLOCK_CAPTURE_AUTORELEASING = YES;
				CLANG_WARN_BOOL_CONVERSION = YES;
				CLANG_WARN_COMMA = YES;
				CLANG_WARN_CONSTANT_CONVERSION = YES;
				CLANG_WARN_DEPRECATED_OBJC_IMPLEMENTATIONS = YES;
				CLANG_WARN_DIRECT_OBJC_ISA_USAGE = YES_ERROR;
				CLANG_WARN_DOCUMENTATION_COMMENTS = YES;
				CLANG_WARN_EMPTY_BODY = YES;
				CLANG_WARN_ENUM_CONVERSION = YES;
				CLANG_WARN_INFINITE_RECURSION = YES;
				CLANG_WARN_INT_CONVERSION = YES;
				CLANG_WARN_NON_LITERAL_NULL_CONVERSION = YES;
				CLANG_WARN_OBJC_IMPLICIT_RETAIN_SELF = YES;
				CLANG_WARN_OBJC_LITERAL_CONVERSION = YES;
				CLANG_WARN_OBJC_ROOT_CLASS = YES_ERROR;
				CLANG_WARN_QUOTED_INCLUDE_IN_FRAMEWORK_HEADER = YES;
				CLANG_WARN_RANGE_LOOP_ANALYSIS = YES;
				CLANG_WARN_STRICT_PROTOTYPES = YES;
				CLANG_WARN_SUSPICIOUS_MOVE = YES;
				CLANG_WARN_UNGUARDED_AVAILABILITY = YES_AGGRESSIVE;
				CLANG_WARN_UNREACHABLE_CODE = YES;
				CLANG_WARN__DUPLICATE_METHOD_MATCH = YES;
				COPY_PHASE_STRIP = NO;
				DEBUG_INFORMATION_FORMAT = "dwarf-with-dsym";
				ENABLE_NS_ASSERTIONS = NO;
				ENABLE_STRICT_OBJC_MSGSEND = YES;
				GCC_C_LANGUAGE_STANDARD = gnu11;
				GCC_NO_COMMON_BLOCKS = YES;
				GCC_WARN_64_TO_32_BIT_CONVERSION = YES;
				GCC_WARN_ABOUT_RETURN_TYPE = YES_ERROR;
				GCC_WARN_UNDECLARED_SELECTOR = YES;
				GCC_WARN_UNINITIALIZED_AUTOS = YES_AGGRESSIVE;
				GCC_WARN_UNUSED_FUNCTION = YES;
				GCC_WARN_UNUSED_VARIABLE = YES;
				IPHONEOS_DEPLOYMENT_TARGET = 16.4;
				MTL_ENABLE_DEBUG_INFO = NO;
				MTL_FAST_MATH = YES;
				SDKROOT = iphoneos;
				SWIFT_COMPILATION_MODE = wholemodule;
				SWIFT_OPTIMIZATION_LEVEL = "-O";
				VALIDATE_PRODUCT = YES;
			};
			name = Release;
		};
		BC2281242A796D5B00359319 /* Debug */ = {
			isa = XCBuildConfiguration;
			buildSettings = {
				ASSETCATALOG_COMPILER_APPICON_NAME = AppIcon;
				ASSETCATALOG_COMPILER_GLOBAL_ACCENT_COLOR_NAME = AccentColor;
				CODE_SIGN_STYLE = Automatic;
				CURRENT_PROJECT_VERSION = 1;
				DEVELOPMENT_ASSET_PATHS = "\"Restart/Preview Content\"";
				ENABLE_PREVIEWS = YES;
				GENERATE_INFOPLIST_FILE = YES;
				INFOPLIST_FILE = Restart/Info.plist;
				INFOPLIST_KEY_UIApplicationSceneManifest_Generation = YES;
				INFOPLIST_KEY_UIApplicationSupportsIndirectInputEvents = YES;
				INFOPLIST_KEY_UISupportedInterfaceOrientations_iPad = "UIInterfaceOrientationPortrait UIInterfaceOrientationPortraitUpsideDown UIInterfaceOrientationLandscapeLeft UIInterfaceOrientationLandscapeRight";
				INFOPLIST_KEY_UISupportedInterfaceOrientations_iPhone = "UIInterfaceOrientationPortrait UIInterfaceOrientationLandscapeLeft UIInterfaceOrientationLandscapeRight";
				LD_RUNPATH_SEARCH_PATHS = (
					"$(inherited)",
					"@executable_path/Frameworks",
				);
				MARKETING_VERSION = 1.0;
				PRODUCT_BUNDLE_IDENTIFIER = Ankitkumarcs.Restart;
				PRODUCT_NAME = "$(TARGET_NAME)";
				SWIFT_EMIT_LOC_STRINGS = YES;
				SWIFT_VERSION = 5.0;
				TARGETED_DEVICE_FAMILY = "1,2";
			};
			name = Debug;
		};
		BC2281252A796D5B00359319 /* Release */ = {
			isa = XCBuildConfiguration;
			buildSettings = {
				ASSETCATALOG_COMPILER_APPICON_NAME = AppIcon;
				ASSETCATALOG_COMPILER_GLOBAL_ACCENT_COLOR_NAME = AccentColor;
				CODE_SIGN_STYLE = Automatic;
				CURRENT_PROJECT_VERSION = 1;
				DEVELOPMENT_ASSET_PATHS = "\"Restart/Preview Content\"";
				ENABLE_PREVIEWS = YES;
				GENERATE_INFOPLIST_FILE = YES;
				INFOPLIST_FILE = Restart/Info.plist;
				INFOPLIST_KEY_UIApplicationSceneManifest_Generation = YES;
				INFOPLIST_KEY_UIApplicationSupportsIndirectInputEvents = YES;
				INFOPLIST_KEY_UISupportedInterfaceOrientations_iPad = "UIInterfaceOrientationPortrait UIInterfaceOrientationPortraitUpsideDown UIInterfaceOrientationLandscapeLeft UIInterfaceOrientationLandscapeRight";
				INFOPLIST_KEY_UISupportedInterfaceOrientations_iPhone = "UIInterfaceOrientationPortrait UIInterfaceOrientationLandscapeLeft UIInterfaceOrientationLandscapeRight";
				LD_RUNPATH_SEARCH_PATHS = (
					"$(inherited)",
					"@executable_path/Frameworks",
				);
				MARKETING_VERSION = 1.0;
				PRODUCT_BUNDLE_IDENTIFIER = Ankitkumarcs.Restart;
				PRODUCT_NAME = "$(TARGET_NAME)";
				SWIFT_EMIT_LOC_STRINGS = YES;
				SWIFT_VERSION = 5.0;
				TARGETED_DEVICE_FAMILY = "1,2";
			};
			name = Release;
		};
		BC2281272A796D5B00359319 /* Debug */ = {
			isa = XCBuildConfiguration;
			buildSettings = {
				ALWAYS_EMBED_SWIFT_STANDARD_LIBRARIES = YES;
				BUNDLE_LOADER = "$(TEST_HOST)";
				CODE_SIGN_STYLE = Automatic;
				CURRENT_PROJECT_VERSION = 1;
				GENERATE_INFOPLIST_FILE = YES;
				IPHONEOS_DEPLOYMENT_TARGET = 16.4;
				MARKETING_VERSION = 1.0;
				PRODUCT_BUNDLE_IDENTIFIER = Ankitkumarcs.RestartTests;
				PRODUCT_NAME = "$(TARGET_NAME)";
				SWIFT_EMIT_LOC_STRINGS = NO;
				SWIFT_VERSION = 5.0;
				TARGETED_DEVICE_FAMILY = "1,2";
				TEST_HOST = "$(BUILT_PRODUCTS_DIR)/Restart.app/$(BUNDLE_EXECUTABLE_FOLDER_PATH)/Restart";
			};
			name = Debug;
		};
		BC2281282A796D5B00359319 /* Release */ = {
			isa = XCBuildConfiguration;
			buildSettings = {
				ALWAYS_EMBED_SWIFT_STANDARD_LIBRARIES = YES;
				BUNDLE_LOADER = "$(TEST_HOST)";
				CODE_SIGN_STYLE = Automatic;
				CURRENT_PROJECT_VERSION = 1;
				GENERATE_INFOPLIST_FILE = YES;
				IPHONEOS_DEPLOYMENT_TARGET = 16.4;
				MARKETING_VERSION = 1.0;
				PRODUCT_BUNDLE_IDENTIFIER = Ankitkumarcs.RestartTests;
				PRODUCT_NAME = "$(TARGET_NAME)";
				SWIFT_EMIT_LOC_STRINGS = NO;
				SWIFT_VERSION = 5.0;
				TARGETED_DEVICE_FAMILY = "1,2";
				TEST_HOST = "$(BUILT_PRODUCTS_DIR)/Restart.app/$(BUNDLE_EXECUTABLE_FOLDER_PATH)/Restart";
			};
			name = Release;
		};
		BC22812A2A796D5B00359319 /* Debug */ = {
			isa = XCBuildConfiguration;
			buildSettings = {
				ALWAYS_EMBED_SWIFT_STANDARD_LIBRARIES = YES;
				CODE_SIGN_STYLE = Automatic;
				CURRENT_PROJECT_VERSION = 1;
				GENERATE_INFOPLIST_FILE = YES;
				MARKETING_VERSION = 1.0;
				PRODUCT_BUNDLE_IDENTIFIER = Ankitkumarcs.RestartUITests;
				PRODUCT_NAME = "$(TARGET_NAME)";
				SWIFT_EMIT_LOC_STRINGS = NO;
				SWIFT_VERSION = 5.0;
				TARGETED_DEVICE_FAMILY = "1,2";
				TEST_TARGET_NAME = Restart;
			};
			name = Debug;
		};
		BC22812B2A796D5B00359319 /* Release */ = {
			isa = XCBuildConfiguration;
			buildSettings = {
				ALWAYS_EMBED_SWIFT_STANDARD_LIBRARIES = YES;
				CODE_SIGN_STYLE = Automatic;
				CURRENT_PROJECT_VERSION = 1;
				GENERATE_INFOPLIST_FILE = YES;
				MARKETING_VERSION = 1.0;
				PRODUCT_BUNDLE_IDENTIFIER = Ankitkumarcs.RestartUITests;
				PRODUCT_NAME = "$(TARGET_NAME)";
				SWIFT_EMIT_LOC_STRINGS = NO;
				SWIFT_VERSION = 5.0;
				TARGETED_DEVICE_FAMILY = "1,2";
				TEST_TARGET_NAME = Restart;
			};
			name = Release;
		};
/* End XCBuildConfiguration section */

/* Begin XCConfigurationList section */
		BC2280FA2A796D5900359319 /* Build configuration list for PBXProject "Restart" */ = {
			isa = XCConfigurationList;
			buildConfigurations = (
				BC2281212A796D5B00359319 /* Debug */,
				BC2281222A796D5B00359319 /* Release */,
			);
			defaultConfigurationIsVisible = 0;
			defaultConfigurationName = Release;
		};
		BC2281232A796D5B00359319 /* Build configuration list for PBXNativeTarget "Restart" */ = {
			isa = XCConfigurationList;
			buildConfigurations = (
				BC2281242A796D5B00359319 /* Debug */,
				BC2281252A796D5B00359319 /* Release */,
			);
			defaultConfigurationIsVisible = 0;
			defaultConfigurationName = Release;
		};
		BC2281262A796D5B00359319 /* Build configuration list for PBXNativeTarget "RestartTests" */ = {
			isa = XCConfigurationList;
			buildConfigurations = (
				BC2281272A796D5B00359319 /* Debug */,
				BC2281282A796D5B00359319 /* Release */,
			);
			defaultConfigurationIsVisible = 0;
			defaultConfigurationName = Release;
		};
		BC2281292A796D5B00359319 /* Build configuration list for PBXNativeTarget "RestartUITests" */ = {
			isa = XCConfigurationList;
			buildConfigurations = (
				BC22812A2A796D5B00359319 /* Debug */,
				BC22812B2A796D5B00359319 /* Release */,
			);
			defaultConfigurationIsVisible = 0;
			defaultConfigurationName = Release;
		};
/* End XCConfigurationList section */
	};
	rootObject = BC2280F72A796D5900359319 /* Project object */;
}
